
Microsoft Visual Studio Solution File, Format Version 12.00
# Visual Studio Version 17
VisualStudioVersion = 17.2.32516.85
MinimumVisualStudioVersion = 10.0.40219.1
Project("{9A19103F-16F7-4668-BE54-9A1E7A4F7556}") = "TimezoneTable.Test", "TimezoneTable.Test\TimezoneTable.Test.csproj", "{2667A006-E41A-4893-AC56-6A066C18D397}"
EndProject
Project("{9A19103F-16F7-4668-BE54-9A1E7A4F7556}") = "TimezoneTable", "TimezoneTable\TimezoneTable.csproj", "{2CCF5BD3-7647-4330-870A-86D0E1D92323}"
EndProject
Project("{2150E333-8FDC-42A3-9474-1A3956D46DE8}") = "Solution Items", "Solution Items", "{E75AB682-BF3F-4D76-A1B3-EBF77E9C509A}"
EndProject
Global
	GlobalSection(SolutionConfigurationPlatforms) = preSolution
		Debug|Any CPU = Debug|Any CPU
		Release|Any CPU = Release|Any CPU
	EndGlobalSection
	GlobalSection(ProjectConfigurationPlatforms) = postSolution
		{2667A006-E41A-4893-AC56-6A066C18D397}.Debug|Any CPU.ActiveCfg = Debug|Any CPU
		{2667A006-E41A-4893-AC56-6A066C18D397}.Debug|Any CPU.Build.0 = Debug|Any CPU
		{2667A006-E41A-4893-AC56-6A066C18D397}.Release|Any CPU.ActiveCfg = Release|Any CPU
		{2667A006-E41A-4893-AC56-6A066C18D397}.Release|Any CPU.Build.0 = Release|Any CPU
		{2CCF5BD3-7647-4330-870A-86D0E1D92323}.Debug|Any CPU.ActiveCfg = Debug|Any CPU
		{2CCF5BD3-7647-4330-870A-86D0E1D92323}.Debug|Any CPU.Build.0 = Debug|Any CPU
		{2CCF5BD3-7647-4330-870A-86D0E1D92323}.Release|Any CPU.ActiveCfg = Release|Any CPU
		{2CCF5BD3-7647-4330-870A-86D0E1D92323}.Release|Any CPU.Build.0 = Release|Any CPU
	EndGlobalSection
	GlobalSection(SolutionProperties) = preSolution
		HideSolutionNode = FALSE
	EndGlobalSection
	GlobalSection(ExtensibilityGlobals) = postSolution
		SolutionGuid = {FB0A8DEA-3329-4BB3-8AB5-64277B536948}
	EndGlobalSection
EndGlobal
